
Microsoft Visual Studio Solution File, Format Version 12.00
# Visual Studio Version 17
VisualStudioVersion = 17.1.32328.378
MinimumVisualStudioVersion = 10.0.40219.1
Project("{9A19103F-16F7-4668-BE54-9A1E7A4F7556}") = "Unit 13 Respawn Screen", "Unit 13 Respawn Screen\Unit 13 Respawn Screen.csproj", "{5EC7C19F-B28A-4BD6-8523-C8419F7EB2FE}"
EndProject
Global
	GlobalSection(SolutionConfigurationPlatforms) = preSolution
		Debug|Any CPU = Debug|Any CPU
		Release|Any CPU = Release|Any CPU
	EndGlobalSection
	GlobalSection(ProjectConfigurationPlatforms) = postSolution
		{5EC7C19F-B28A-4BD6-8523-C8419F7EB2FE}.Debug|Any CPU.ActiveCfg = Debug|Any CPU
		{5EC7C19F-B28A-4BD6-8523-C8419F7EB2FE}.Debug|Any CPU.Build.0 = Debug|Any CPU
		{5EC7C19F-B28A-4BD6-8523-C8419F7EB2FE}.Release|Any CPU.ActiveCfg = Release|Any CPU
		{5EC7C19F-B28A-4BD6-8523-C8419F7EB2FE}.Release|Any CPU.Build.0 = Release|Any CPU
	EndGlobalSection
	GlobalSection(SolutionProperties) = preSolution
		HideSolutionNode = FALSE
	EndGlobalSection
	GlobalSection(ExtensibilityGlobals) = postSolution
		SolutionGuid = {656521C7-6676-4C99-B4BB-DD003EAC7877}
	EndGlobalSection
EndGlobal
