
Microsoft Visual Studio Solution File, Format Version 12.00
# Visual Studio Version 16
VisualStudioVersion = 16.0.31105.61
MinimumVisualStudioVersion = 10.0.40219.1
Project("{FAE04EC0-301F-11D3-BF4B-00C04F79EFBC}") = "Respawn Screen", "Respawn Screen\Respawn Screen.csproj", "{80BECC11-38DF-4C84-8021-E64276C64E50}"
EndProject
Global
	GlobalSection(SolutionConfigurationPlatforms) = preSolution
		Debug|Any CPU = Debug|Any CPU
		Release|Any CPU = Release|Any CPU
	EndGlobalSection
	GlobalSection(ProjectConfigurationPlatforms) = postSolution
		{80BECC11-38DF-4C84-8021-E64276C64E50}.Debug|Any CPU.ActiveCfg = Debug|Any CPU
		{80BECC11-38DF-4C84-8021-E64276C64E50}.Debug|Any CPU.Build.0 = Debug|Any CPU
		{80BECC11-38DF-4C84-8021-E64276C64E50}.Release|Any CPU.ActiveCfg = Release|Any CPU
		{80BECC11-38DF-4C84-8021-E64276C64E50}.Release|Any CPU.Build.0 = Release|Any CPU
	EndGlobalSection
	GlobalSection(SolutionProperties) = preSolution
		HideSolutionNode = FALSE
	EndGlobalSection
	GlobalSection(ExtensibilityGlobals) = postSolution
		SolutionGuid = {B6C8D85A-6761-4129-BD54-09E4DBCB75EF}
	EndGlobalSection
EndGlobal
